// !$*UTF8*$!
{
	archiveVersion = 1;
	classes = {
	};
	objectVersion = 55;
	objects = {

/* Begin PBXBuildFile section */
		5105C211F9D8F4FE9A855A8C /* Pods_CafeApp_Inflearn.framework in Frameworks */ = {isa = PBXBuildFile; fileRef = EB415E5ACBACBCF33DEDC01C /* Pods_CafeApp_Inflearn.framework */; };
		90B4F3BD28780F9600CAB1BB /* AppDelegate.swift in Sources */ = {isa = PBXBuildFile; fileRef = 90B4F3BC28780F9600CAB1BB /* AppDelegate.swift */; };
		90B4F3BF28780F9600CAB1BB /* SceneDelegate.swift in Sources */ = {isa = PBXBuildFile; fileRef = 90B4F3BE28780F9600CAB1BB /* SceneDelegate.swift */; };
		90B4F3C428780F9600CAB1BB /* Main.storyboard in Resources */ = {isa = PBXBuildFile; fileRef = 90B4F3C228780F9600CAB1BB /* Main.storyboard */; };
		90B4F3C628780F9700CAB1BB /* Assets.xcassets in Resources */ = {isa = PBXBuildFile; fileRef = 90B4F3C528780F9700CAB1BB /* Assets.xcassets */; };
		90B4F3C928780F9700CAB1BB /* LaunchScreen.storyboard in Resources */ = {isa = PBXBuildFile; fileRef = 90B4F3C728780F9700CAB1BB /* LaunchScreen.storyboard */; };
		90B4F3D428783AA500CAB1BB /* ViewController.swift in Sources */ = {isa = PBXBuildFile; fileRef = 90B4F3D328783AA500CAB1BB /* ViewController.swift */; };
		90B4F3D828783AD200CAB1BB /* CoffeVC.swift in Sources */ = {isa = PBXBuildFile; fileRef = 90B4F3D728783AD200CAB1BB /* CoffeVC.swift */; };
		90B4F3DA28783AFD00CAB1BB /* DrinkVC.swift in Sources */ = {isa = PBXBuildFile; fileRef = 90B4F3D928783AFD00CAB1BB /* DrinkVC.swift */; };
		90B4F3DC28783B1700CAB1BB /* DessertVC.swift in Sources */ = {isa = PBXBuildFile; fileRef = 90B4F3DB28783B1700CAB1BB /* DessertVC.swift */; };
		90B4F3DE28783B2400CAB1BB /* SpecialVC.swift in Sources */ = {isa = PBXBuildFile; fileRef = 90B4F3DD28783B2400CAB1BB /* SpecialVC.swift */; };
		90B4F3E028783B4B00CAB1BB /* FindPlaceVC.swift in Sources */ = {isa = PBXBuildFile; fileRef = 90B4F3DF28783B4B00CAB1BB /* FindPlaceVC.swift */; };
		90B4F3E22878472800CAB1BB /* MyTableViewCell.swift in Sources */ = {isa = PBXBuildFile; fileRef = 90B4F3E12878472800CAB1BB /* MyTableViewCell.swift */; };
		90B4F3E42878478500CAB1BB /* CoffeMenu.swift in Sources */ = {isa = PBXBuildFile; fileRef = 90B4F3E32878478500CAB1BB /* CoffeMenu.swift */; };
		90B4F3E72878619300CAB1BB /* DrinkMenu.swift in Sources */ = {isa = PBXBuildFile; fileRef = 90B4F3E62878619300CAB1BB /* DrinkMenu.swift */; };
		90B4F3E9287861A500CAB1BB /* DessertMenu.swift in Sources */ = {isa = PBXBuildFile; fileRef = 90B4F3E8287861A500CAB1BB /* DessertMenu.swift */; };
		90B4F3EB287861B300CAB1BB /* SpecialMenu.swift in Sources */ = {isa = PBXBuildFile; fileRef = 90B4F3EA287861B300CAB1BB /* SpecialMenu.swift */; };
/* End PBXBuildFile section */

/* Begin PBXFileReference section */
		60CD3FF1CF73351BCA6B266A /* Pods-CafeApp-Inflearn.debug.xcconfig */ = {isa = PBXFileReference; includeInIndex = 1; lastKnownFileType = text.xcconfig; name = "Pods-CafeApp-Inflearn.debug.xcconfig"; path = "Target Support Files/Pods-CafeApp-Inflearn/Pods-CafeApp-Inflearn.debug.xcconfig"; sourceTree = "<group>"; };
		7A9B8A84FAB2F6955A3D1384 /* Pods-CafeApp-Inflearn.release.xcconfig */ = {isa = PBXFileReference; includeInIndex = 1; lastKnownFileType = text.xcconfig; name = "Pods-CafeApp-Inflearn.release.xcconfig"; path = "Target Support Files/Pods-CafeApp-Inflearn/Pods-CafeApp-Inflearn.release.xcconfig"; sourceTree = "<group>"; };
		90B4F3B928780F9600CAB1BB /* CafeApp-Inflearn.app */ = {isa = PBXFileReference; explicitFileType = wrapper.application; includeInIndex = 0; path = "CafeApp-Inflearn.app"; sourceTree = BUILT_PRODUCTS_DIR; };
		90B4F3BC28780F9600CAB1BB /* AppDelegate.swift */ = {isa = PBXFileReference; lastKnownFileType = sourcecode.swift; path = AppDelegate.swift; sourceTree = "<group>"; };
		90B4F3BE28780F9600CAB1BB /* SceneDelegate.swift */ = {isa = PBXFileReference; lastKnownFileType = sourcecode.swift; path = SceneDelegate.swift; sourceTree = "<group>"; };
		90B4F3C328780F9600CAB1BB /* Base */ = {isa = PBXFileReference; lastKnownFileType = file.storyboard; name = Base; path = Base.lproj/Main.storyboard; sourceTree = "<group>"; };
		90B4F3C528780F9700CAB1BB /* Assets.xcassets */ = {isa = PBXFileReference; lastKnownFileType = folder.assetcatalog; path = Assets.xcassets; sourceTree = "<group>"; };
		90B4F3C828780F9700CAB1BB /* Base */ = {isa = PBXFileReference; lastKnownFileType = file.storyboard; name = Base; path = Base.lproj/LaunchScreen.storyboard; sourceTree = "<group>"; };
		90B4F3CA28780F9700CAB1BB /* Info.plist */ = {isa = PBXFileReference; lastKnownFileType = text.plist.xml; path = Info.plist; sourceTree = "<group>"; };
		90B4F3D328783AA500CAB1BB /* ViewController.swift */ = {isa = PBXFileReference; lastKnownFileType = sourcecode.swift; path = ViewController.swift; sourceTree = "<group>"; };
		90B4F3D728783AD200CAB1BB /* CoffeVC.swift */ = {isa = PBXFileReference; lastKnownFileType = sourcecode.swift; path = CoffeVC.swift; sourceTree = "<group>"; };
		90B4F3D928783AFD00CAB1BB /* DrinkVC.swift */ = {isa = PBXFileReference; lastKnownFileType = sourcecode.swift; path = DrinkVC.swift; sourceTree = "<group>"; };
		90B4F3DB28783B1700CAB1BB /* DessertVC.swift */ = {isa = PBXFileReference; lastKnownFileType = sourcecode.swift; path = DessertVC.swift; sourceTree = "<group>"; };
		90B4F3DD28783B2400CAB1BB /* SpecialVC.swift */ = {isa = PBXFileReference; lastKnownFileType = sourcecode.swift; path = SpecialVC.swift; sourceTree = "<group>"; };
		90B4F3DF28783B4B00CAB1BB /* FindPlaceVC.swift */ = {isa = PBXFileReference; lastKnownFileType = sourcecode.swift; path = FindPlaceVC.swift; sourceTree = "<group>"; };
		90B4F3E12878472800CAB1BB /* MyTableViewCell.swift */ = {isa = PBXFileReference; lastKnownFileType = sourcecode.swift; path = MyTableViewCell.swift; sourceTree = "<group>"; };
		90B4F3E32878478500CAB1BB /* CoffeMenu.swift */ = {isa = PBXFileReference; lastKnownFileType = sourcecode.swift; path = CoffeMenu.swift; sourceTree = "<group>"; };
		90B4F3E62878619300CAB1BB /* DrinkMenu.swift */ = {isa = PBXFileReference; lastKnownFileType = sourcecode.swift; path = DrinkMenu.swift; sourceTree = "<group>"; };
		90B4F3E8287861A500CAB1BB /* DessertMenu.swift */ = {isa = PBXFileReference; lastKnownFileType = sourcecode.swift; path = DessertMenu.swift; sourceTree = "<group>"; };
		90B4F3EA287861B300CAB1BB /* SpecialMenu.swift */ = {isa = PBXFileReference; lastKnownFileType = sourcecode.swift; path = SpecialMenu.swift; sourceTree = "<group>"; };
		EB415E5ACBACBCF33DEDC01C /* Pods_CafeApp_Inflearn.framework */ = {isa = PBXFileReference; explicitFileType = wrapper.framework; includeInIndex = 0; path = Pods_CafeApp_Inflearn.framework; sourceTree = BUILT_PRODUCTS_DIR; };
/* End PBXFileReference section */

/* Begin PBXFrameworksBuildPhase section */
		90B4F3B628780F9600CAB1BB /* Frameworks */ = {
			isa = PBXFrameworksBuildPhase;
			buildActionMask = 2147483647;
			files = (
				5105C211F9D8F4FE9A855A8C /* Pods_CafeApp_Inflearn.framework in Frameworks */,
			);
			runOnlyForDeploymentPostprocessing = 0;
		};
/* End PBXFrameworksBuildPhase section */

/* Begin PBXGroup section */
		82551D84E8949414003CA7EF /* Pods */ = {
			isa = PBXGroup;
			children = (
				60CD3FF1CF73351BCA6B266A /* Pods-CafeApp-Inflearn.debug.xcconfig */,
				7A9B8A84FAB2F6955A3D1384 /* Pods-CafeApp-Inflearn.release.xcconfig */,
			);
			path = Pods;
			sourceTree = "<group>";
		};
		90B4F3B028780F9600CAB1BB = {
			isa = PBXGroup;
			children = (
				90B4F3BB28780F9600CAB1BB /* CafeApp-Inflearn */,
				90B4F3BA28780F9600CAB1BB /* Products */,
				82551D84E8949414003CA7EF /* Pods */,
				DCBEBC327D53A4B9BEB07AD7 /* Frameworks */,
			);
			sourceTree = "<group>";
		};
		90B4F3BA28780F9600CAB1BB /* Products */ = {
			isa = PBXGroup;
			children = (
				90B4F3B928780F9600CAB1BB /* CafeApp-Inflearn.app */,
			);
			name = Products;
			sourceTree = "<group>";
		};
		90B4F3BB28780F9600CAB1BB /* CafeApp-Inflearn */ = {
			isa = PBXGroup;
			children = (
				90B4F3BC28780F9600CAB1BB /* AppDelegate.swift */,
				90B4F3BE28780F9600CAB1BB /* SceneDelegate.swift */,
				90B4F3E12878472800CAB1BB /* MyTableViewCell.swift */,
				90B4F3E5287847BE00CAB1BB /* Menu */,
				90B4F3D028783A5000CAB1BB /* VC */,
				90B4F3C228780F9600CAB1BB /* Main.storyboard */,
				90B4F3C528780F9700CAB1BB /* Assets.xcassets */,
				90B4F3C728780F9700CAB1BB /* LaunchScreen.storyboard */,
				90B4F3CA28780F9700CAB1BB /* Info.plist */,
			);
			path = "CafeApp-Inflearn";
			sourceTree = "<group>";
		};
		90B4F3D028783A5000CAB1BB /* VC */ = {
			isa = PBXGroup;
			children = (
				90B4F3D328783AA500CAB1BB /* ViewController.swift */,
				90B4F3D728783AD200CAB1BB /* CoffeVC.swift */,
				90B4F3D928783AFD00CAB1BB /* DrinkVC.swift */,
				90B4F3DB28783B1700CAB1BB /* DessertVC.swift */,
				90B4F3DD28783B2400CAB1BB /* SpecialVC.swift */,
				90B4F3DF28783B4B00CAB1BB /* FindPlaceVC.swift */,
			);
			path = VC;
			sourceTree = "<group>";
		};
		90B4F3E5287847BE00CAB1BB /* Menu */ = {
			isa = PBXGroup;
			children = (
				90B4F3E32878478500CAB1BB /* CoffeMenu.swift */,
				90B4F3E62878619300CAB1BB /* DrinkMenu.swift */,
				90B4F3E8287861A500CAB1BB /* DessertMenu.swift */,
				90B4F3EA287861B300CAB1BB /* SpecialMenu.swift */,
			);
			path = Menu;
			sourceTree = "<group>";
		};
		DCBEBC327D53A4B9BEB07AD7 /* Frameworks */ = {
			isa = PBXGroup;
			children = (
				EB415E5ACBACBCF33DEDC01C /* Pods_CafeApp_Inflearn.framework */,
			);
			name = Frameworks;
			sourceTree = "<group>";
		};
/* End PBXGroup section */

/* Begin PBXNativeTarget section */
		90B4F3B828780F9600CAB1BB /* CafeApp-Inflearn */ = {
			isa = PBXNativeTarget;
			buildConfigurationList = 90B4F3CD28780F9700CAB1BB /* Build configuration list for PBXNativeTarget "CafeApp-Inflearn" */;
			buildPhases = (
				EF69D66137D51C41F2530FC6 /* [CP] Check Pods Manifest.lock */,
				90B4F3B528780F9600CAB1BB /* Sources */,
				90B4F3B628780F9600CAB1BB /* Frameworks */,
				90B4F3B728780F9600CAB1BB /* Resources */,
				8112C467B326BACCBA09F6CC /* [CP] Embed Pods Frameworks */,
			);
			buildRules = (
			);
			dependencies = (
			);
			name = "CafeApp-Inflearn";
			productName = "CafeApp-Inflearn";
			productReference = 90B4F3B928780F9600CAB1BB /* CafeApp-Inflearn.app */;
			productType = "com.apple.product-type.application";
		};
/* End PBXNativeTarget section */

/* Begin PBXProject section */
		90B4F3B128780F9600CAB1BB /* Project object */ = {
			isa = PBXProject;
			attributes = {
				BuildIndependentTargetsInParallel = 1;
				LastSwiftUpdateCheck = 1340;
				LastUpgradeCheck = 1340;
				TargetAttributes = {
					90B4F3B828780F9600CAB1BB = {
						CreatedOnToolsVersion = 13.4.1;
					};
				};
			};
			buildConfigurationList = 90B4F3B428780F9600CAB1BB /* Build configuration list for PBXProject "CafeApp-Inflearn" */;
			compatibilityVersion = "Xcode 13.0";
			developmentRegion = en;
			hasScannedForEncodings = 0;
			knownRegions = (
				en,
				Base,
			);
			mainGroup = 90B4F3B028780F9600CAB1BB;
			productRefGroup = 90B4F3BA28780F9600CAB1BB /* Products */;
			projectDirPath = "";
			projectRoot = "";
			targets = (
				90B4F3B828780F9600CAB1BB /* CafeApp-Inflearn */,
			);
		};
/* End PBXProject section */

/* Begin PBXResourcesBuildPhase section */
		90B4F3B728780F9600CAB1BB /* Resources */ = {
			isa = PBXResourcesBuildPhase;
			buildActionMask = 2147483647;
			files = (
				90B4F3C928780F9700CAB1BB /* LaunchScreen.storyboard in Resources */,
				90B4F3C628780F9700CAB1BB /* Assets.xcassets in Resources */,
				90B4F3C428780F9600CAB1BB /* Main.storyboard in Resources */,
			);
			runOnlyForDeploymentPostprocessing = 0;
		};
/* End PBXResourcesBuildPhase section */

/* Begin PBXShellScriptBuildPhase section */
		8112C467B326BACCBA09F6CC /* [CP] Embed Pods Frameworks */ = {
			isa = PBXShellScriptBuildPhase;
			buildActionMask = 2147483647;
			files = (
			);
			inputFileListPaths = (
				"${PODS_ROOT}/Target Support Files/Pods-CafeApp-Inflearn/Pods-CafeApp-Inflearn-frameworks-${CONFIGURATION}-input-files.xcfilelist",
			);
			name = "[CP] Embed Pods Frameworks";
			outputFileListPaths = (
				"${PODS_ROOT}/Target Support Files/Pods-CafeApp-Inflearn/Pods-CafeApp-Inflearn-frameworks-${CONFIGURATION}-output-files.xcfilelist",
			);
			runOnlyForDeploymentPostprocessing = 0;
			shellPath = /bin/sh;
			shellScript = "\"${PODS_ROOT}/Target Support Files/Pods-CafeApp-Inflearn/Pods-CafeApp-Inflearn-frameworks.sh\"\n";
			showEnvVarsInLog = 0;
		};
		EF69D66137D51C41F2530FC6 /* [CP] Check Pods Manifest.lock */ = {
			isa = PBXShellScriptBuildPhase;
			buildActionMask = 2147483647;
			files = (
			);
			inputFileListPaths = (
			);
			inputPaths = (
				"${PODS_PODFILE_DIR_PATH}/Podfile.lock",
				"${PODS_ROOT}/Manifest.lock",
			);
			name = "[CP] Check Pods Manifest.lock";
			outputFileListPaths = (
			);
			outputPaths = (
				"$(DERIVED_FILE_DIR)/Pods-CafeApp-Inflearn-checkManifestLockResult.txt",
			);
			runOnlyForDeploymentPostprocessing = 0;
			shellPath = /bin/sh;
			shellScript = "diff \"${PODS_PODFILE_DIR_PATH}/Podfile.lock\" \"${PODS_ROOT}/Manifest.lock\" > /dev/null\nif [ $? != 0 ] ; then\n    # print error to STDERR\n    echo \"error: The sandbox is not in sync with the Podfile.lock. Run 'pod install' or update your CocoaPods installation.\" >&2\n    exit 1\nfi\n# This output is used by Xcode 'outputs' to avoid re-running this script phase.\necho \"SUCCESS\" > \"${SCRIPT_OUTPUT_FILE_0}\"\n";
			showEnvVarsInLog = 0;
		};
/* End PBXShellScriptBuildPhase section */

/* Begin PBXSourcesBuildPhase section */
		90B4F3B528780F9600CAB1BB /* Sources */ = {
			isa = PBXSourcesBuildPhase;
			buildActionMask = 2147483647;
			files = (
				90B4F3D828783AD200CAB1BB /* CoffeVC.swift in Sources */,
				90B4F3DE28783B2400CAB1BB /* SpecialVC.swift in Sources */,
				90B4F3D428783AA500CAB1BB /* ViewController.swift in Sources */,
				90B4F3E9287861A500CAB1BB /* DessertMenu.swift in Sources */,
				90B4F3E028783B4B00CAB1BB /* FindPlaceVC.swift in Sources */,
				90B4F3E42878478500CAB1BB /* CoffeMenu.swift in Sources */,
				90B4F3BD28780F9600CAB1BB /* AppDelegate.swift in Sources */,
				90B4F3E22878472800CAB1BB /* MyTableViewCell.swift in Sources */,
				90B4F3DC28783B1700CAB1BB /* DessertVC.swift in Sources */,
				90B4F3DA28783AFD00CAB1BB /* DrinkVC.swift in Sources */,
				90B4F3E72878619300CAB1BB /* DrinkMenu.swift in Sources */,
				90B4F3EB287861B300CAB1BB /* SpecialMenu.swift in Sources */,
				90B4F3BF28780F9600CAB1BB /* SceneDelegate.swift in Sources */,
			);
			runOnlyForDeploymentPostprocessing = 0;
		};
/* End PBXSourcesBuildPhase section */

/* Begin PBXVariantGroup section */
		90B4F3C228780F9600CAB1BB /* Main.storyboard */ = {
			isa = PBXVariantGroup;
			children = (
				90B4F3C328780F9600CAB1BB /* Base */,
			);
			name = Main.storyboard;
			sourceTree = "<group>";
		};
		90B4F3C728780F9700CAB1BB /* LaunchScreen.storyboard */ = {
			isa = PBXVariantGroup;
			children = (
				90B4F3C828780F9700CAB1BB /* Base */,
			);
			name = LaunchScreen.storyboard;
			sourceTree = "<group>";
		};
/* End PBXVariantGroup section */

/* Begin XCBuildConfiguration section */
		90B4F3CB28780F9700CAB1BB /* Debug */ = {
			isa = XCBuildConfiguration;
			buildSettings = {
				ALWAYS_SEARCH_USER_PATHS = NO;
				CLANG_ANALYZER_NONNULL = YES;
				CLANG_ANALYZER_NUMBER_OBJECT_CONVERSION = YES_AGGRESSIVE;
				CLANG_CXX_LANGUAGE_STANDARD = "gnu++17";
				CLANG_ENABLE_MODULES = YES;
				CLANG_ENABLE_OBJC_ARC = YES;
				CLANG_ENABLE_OBJC_WEAK = YES;
				CLANG_WARN_BLOCK_CAPTURE_AUTORELEASING = YES;
				CLANG_WARN_BOOL_CONVERSION = YES;
				CLANG_WARN_COMMA = YES;
				CLANG_WARN_CONSTANT_CONVERSION = YES;
				CLANG_WARN_DEPRECATED_OBJC_IMPLEMENTATIONS = YES;
				CLANG_WARN_DIRECT_OBJC_ISA_USAGE = YES_ERROR;
				CLANG_WARN_DOCUMENTATION_COMMENTS = YES;
				CLANG_WARN_EMPTY_BODY = YES;
				CLANG_WARN_ENUM_CONVERSION = YES;
				CLANG_WARN_INFINITE_RECURSION = YES;
				CLANG_WARN_INT_CONVERSION = YES;
				CLANG_WARN_NON_LITERAL_NULL_CONVERSION = YES;
				CLANG_WARN_OBJC_IMPLICIT_RETAIN_SELF = YES;
				CLANG_WARN_OBJC_LITERAL_CONVERSION = YES;
				CLANG_WARN_OBJC_ROOT_CLASS = YES_ERROR;
				CLANG_WARN_QUOTED_INCLUDE_IN_FRAMEWORK_HEADER = YES;
				CLANG_WARN_RANGE_LOOP_ANALYSIS = YES;
				CLANG_WARN_STRICT_PROTOTYPES = YES;
				CLANG_WARN_SUSPICIOUS_MOVE = YES;
				CLANG_WARN_UNGUARDED_AVAILABILITY = YES_AGGRESSIVE;
				CLANG_WARN_UNREACHABLE_CODE = YES;
				CLANG_WARN__DUPLICATE_METHOD_MATCH = YES;
				COPY_PHASE_STRIP = NO;
				DEBUG_INFORMATION_FORMAT = dwarf;
				ENABLE_STRICT_OBJC_MSGSEND = YES;
				ENABLE_TESTABILITY = YES;
				GCC_C_LANGUAGE_STANDARD = gnu11;
				GCC_DYNAMIC_NO_PIC = NO;
				GCC_NO_COMMON_BLOCKS = YES;
				GCC_OPTIMIZATION_LEVEL = 0;
				GCC_PREPROCESSOR_DEFINITIONS = (
					"DEBUG=1",
					"$(inherited)",
				);
				GCC_WARN_64_TO_32_BIT_CONVERSION = YES;
				GCC_WARN_ABOUT_RETURN_TYPE = YES_ERROR;
				GCC_WARN_UNDECLARED_SELECTOR = YES;
				GCC_WARN_UNINITIALIZED_AUTOS = YES_AGGRESSIVE;
				GCC_WARN_UNUSED_FUNCTION = YES;
				GCC_WARN_UNUSED_VARIABLE = YES;
				IPHONEOS_DEPLOYMENT_TARGET = 15.5;
				MTL_ENABLE_DEBUG_INFO = INCLUDE_SOURCE;
				MTL_FAST_MATH = YES;
				ONLY_ACTIVE_ARCH = YES;
				SDKROOT = iphoneos;
				SWIFT_ACTIVE_COMPILATION_CONDITIONS = DEBUG;
				SWIFT_OPTIMIZATION_LEVEL = "-Onone";
			};
			name = Debug;
		};
		90B4F3CC28780F9700CAB1BB /* Release */ = {
			isa = XCBuildConfiguration;
			buildSettings = {
				ALWAYS_SEARCH_USER_PATHS = NO;
				CLANG_ANALYZER_NONNULL = YES;
				CLANG_ANALYZER_NUMBER_OBJECT_CONVERSION = YES_AGGRESSIVE;
				CLANG_CXX_LANGUAGE_STANDARD = "gnu++17";
				CLANG_ENABLE_MODULES = YES;
				CLANG_ENABLE_OBJC_ARC = YES;
				CLANG_ENABLE_OBJC_WEAK = YES;
				CLANG_WARN_BLOCK_CAPTURE_AUTORELEASING = YES;
				CLANG_WARN_BOOL_CONVERSION = YES;
				CLANG_WARN_COMMA = YES;
				CLANG_WARN_CONSTANT_CONVERSION = YES;
				CLANG_WARN_DEPRECATED_OBJC_IMPLEMENTATIONS = YES;
				CLANG_WARN_DIRECT_OBJC_ISA_USAGE = YES_ERROR;
				CLANG_WARN_DOCUMENTATION_COMMENTS = YES;
				CLANG_WARN_EMPTY_BODY = YES;
				CLANG_WARN_ENUM_CONVERSION = YES;
				CLANG_WARN_INFINITE_RECURSION = YES;
				CLANG_WARN_INT_CONVERSION = YES;
				CLANG_WARN_NON_LITERAL_NULL_CONVERSION = YES;
				CLANG_WARN_OBJC_IMPLICIT_RETAIN_SELF = YES;
				CLANG_WARN_OBJC_LITERAL_CONVERSION = YES;
				CLANG_WARN_OBJC_ROOT_CLASS = YES_ERROR;
				CLANG_WARN_QUOTED_INCLUDE_IN_FRAMEWORK_HEADER = YES;
				CLANG_WARN_RANGE_LOOP_ANALYSIS = YES;
				CLANG_WARN_STRICT_PROTOTYPES = YES;
				CLANG_WARN_SUSPICIOUS_MOVE = YES;
				CLANG_WARN_UNGUARDED_AVAILABILITY = YES_AGGRESSIVE;
				CLANG_WARN_UNREACHABLE_CODE = YES;
				CLANG_WARN__DUPLICATE_METHOD_MATCH = YES;
				COPY_PHASE_STRIP = NO;
				DEBUG_INFORMATION_FORMAT = "dwarf-with-dsym";
				ENABLE_NS_ASSERTIONS = NO;
				ENABLE_STRICT_OBJC_MSGSEND = YES;
				GCC_C_LANGUAGE_STANDARD = gnu11;
				GCC_NO_COMMON_BLOCKS = YES;
				GCC_WARN_64_TO_32_BIT_CONVERSION = YES;
				GCC_WARN_ABOUT_RETURN_TYPE = YES_ERROR;
				GCC_WARN_UNDECLARED_SELECTOR = YES;
				GCC_WARN_UNINITIALIZED_AUTOS = YES_AGGRESSIVE;
				GCC_WARN_UNUSED_FUNCTION = YES;
				GCC_WARN_UNUSED_VARIABLE = YES;
				IPHONEOS_DEPLOYMENT_TARGET = 15.5;
				MTL_ENABLE_DEBUG_INFO = NO;
				MTL_FAST_MATH = YES;
				SDKROOT = iphoneos;
				SWIFT_COMPILATION_MODE = wholemodule;
				SWIFT_OPTIMIZATION_LEVEL = "-O";
				VALIDATE_PRODUCT = YES;
			};
			name = Release;
		};
		90B4F3CE28780F9700CAB1BB /* Debug */ = {
			isa = XCBuildConfiguration;
			baseConfigurationReference = 60CD3FF1CF73351BCA6B266A /* Pods-CafeApp-Inflearn.debug.xcconfig */;
			buildSettings = {
				ASSETCATALOG_COMPILER_APPICON_NAME = AppIcon;
				ASSETCATALOG_COMPILER_GLOBAL_ACCENT_COLOR_NAME = AccentColor;
				CODE_SIGN_STYLE = Automatic;
				CURRENT_PROJECT_VERSION = 1;
				GENERATE_INFOPLIST_FILE = YES;
				INFOPLIST_FILE = "CafeApp-Inflearn/Info.plist";
				INFOPLIST_KEY_UIApplicationSupportsIndirectInputEvents = YES;
				INFOPLIST_KEY_UILaunchStoryboardName = LaunchScreen;
				INFOPLIST_KEY_UIMainStoryboardFile = Main;
				INFOPLIST_KEY_UISupportedInterfaceOrientations_iPad = "UIInterfaceOrientationPortrait UIInterfaceOrientationPortraitUpsideDown UIInterfaceOrientationLandscapeLeft UIInterfaceOrientationLandscapeRight";
				INFOPLIST_KEY_UISupportedInterfaceOrientations_iPhone = "UIInterfaceOrientationPortrait UIInterfaceOrientationLandscapeLeft UIInterfaceOrientationLandscapeRight";
				LD_RUNPATH_SEARCH_PATHS = (
					"$(inherited)",
					"@executable_path/Frameworks",
				);
				MARKETING_VERSION = 1.0;
				PRODUCT_BUNDLE_IDENTIFIER = "com.test.CafeApp-Inflearn";
				PRODUCT_NAME = "$(TARGET_NAME)";
				SWIFT_EMIT_LOC_STRINGS = YES;
				SWIFT_VERSION = 5.0;
				TARGETED_DEVICE_FAMILY = "1,2";
			};
			name = Debug;
		};
		90B4F3CF28780F9700CAB1BB /* Release */ = {
			isa = XCBuildConfiguration;
			baseConfigurationReference = 7A9B8A84FAB2F6955A3D1384 /* Pods-CafeApp-Inflearn.release.xcconfig */;
			buildSettings = {
				ASSETCATALOG_COMPILER_APPICON_NAME = AppIcon;
				ASSETCATALOG_COMPILER_GLOBAL_ACCENT_COLOR_NAME = AccentColor;
				CODE_SIGN_STYLE = Automatic;
				CURRENT_PROJECT_VERSION = 1;
				GENERATE_INFOPLIST_FILE = YES;
				INFOPLIST_FILE = "CafeApp-Inflearn/Info.plist";
				INFOPLIST_KEY_UIApplicationSupportsIndirectInputEvents = YES;
				INFOPLIST_KEY_UILaunchStoryboardName = LaunchScreen;
				INFOPLIST_KEY_UIMainStoryboardFile = Main;
				INFOPLIST_KEY_UISupportedInterfaceOrientations_iPad = "UIInterfaceOrientationPortrait UIInterfaceOrientationPortraitUpsideDown UIInterfaceOrientationLandscapeLeft UIInterfaceOrientationLandscapeRight";
				INFOPLIST_KEY_UISupportedInterfaceOrientations_iPhone = "UIInterfaceOrientationPortrait UIInterfaceOrientationLandscapeLeft UIInterfaceOrientationLandscapeRight";
				LD_RUNPATH_SEARCH_PATHS = (
					"$(inherited)",
					"@executable_path/Frameworks",
				);
				MARKETING_VERSION = 1.0;
				PRODUCT_BUNDLE_IDENTIFIER = "com.test.CafeApp-Inflearn";
				PRODUCT_NAME = "$(TARGET_NAME)";
				SWIFT_EMIT_LOC_STRINGS = YES;
				SWIFT_VERSION = 5.0;
				TARGETED_DEVICE_FAMILY = "1,2";
			};
			name = Release;
		};
/* End XCBuildConfiguration section */

/* Begin XCConfigurationList section */
		90B4F3B428780F9600CAB1BB /* Build configuration list for PBXProject "CafeApp-Inflearn" */ = {
			isa = XCConfigurationList;
			buildConfigurations = (
				90B4F3CB28780F9700CAB1BB /* Debug */,
				90B4F3CC28780F9700CAB1BB /* Release */,
			);
			defaultConfigurationIsVisible = 0;
			defaultConfigurationName = Release;
		};
		90B4F3CD28780F9700CAB1BB /* Build configuration list for PBXNativeTarget "CafeApp-Inflearn" */ = {
			isa = XCConfigurationList;
			buildConfigurations = (
				90B4F3CE28780F9700CAB1BB /* Debug */,
				90B4F3CF28780F9700CAB1BB /* Release */,
			);
			defaultConfigurationIsVisible = 0;
			defaultConfigurationName = Release;
		};
/* End XCConfigurationList section */
	};
	rootObject = 90B4F3B128780F9600CAB1BB /* Project object */;
}
