// !$*UTF8*$!
{
	archiveVersion = 1;
	classes = {
	};
	objectVersion = 56;
	objects = {

/* Begin PBXBuildFile section */
		90DDB7362900229C0094DE71 /* team_comitApp.swift in Sources */ = {isa = PBXBuildFile; fileRef = 90DDB7352900229C0094DE71 /* team_comitApp.swift */; };
		90DDB7382900229C0094DE71 /* ContentView.swift in Sources */ = {isa = PBXBuildFile; fileRef = 90DDB7372900229C0094DE71 /* ContentView.swift */; };
		90DDB73A2900229E0094DE71 /* Assets.xcassets in Resources */ = {isa = PBXBuildFile; fileRef = 90DDB7392900229E0094DE71 /* Assets.xcassets */; };
		90DDB744290024220094DE71 /* ExchangeRateView.swift in Sources */ = {isa = PBXBuildFile; fileRef = 90DDB743290024220094DE71 /* ExchangeRateView.swift */; };
		90DDB746290024600094DE71 /* ExchangedRateView.swift in Sources */ = {isa = PBXBuildFile; fileRef = 90DDB745290024600094DE71 /* ExchangedRateView.swift */; };
		90DDB74C2900E0940094DE71 /* InformationText.swift in Sources */ = {isa = PBXBuildFile; fileRef = 90DDB74B2900E0940094DE71 /* InformationText.swift */; };
		90DDB74E2900E6C00094DE71 /* RemittanceAmountText.swift in Sources */ = {isa = PBXBuildFile; fileRef = 90DDB74D2900E6C00094DE71 /* RemittanceAmountText.swift */; };
		90DDB7502900F11D0094DE71 /* DarkModeStruct.swift in Sources */ = {isa = PBXBuildFile; fileRef = 90DDB74F2900F11D0094DE71 /* DarkModeStruct.swift */; };
		90DDB75C2900FC650094DE71 /* hideKeyboard.swift in Sources */ = {isa = PBXBuildFile; fileRef = 90DDB75B2900FC650094DE71 /* hideKeyboard.swift */; };
		90DDB768290180090094DE71 /* CalculatingButton.swift in Sources */ = {isa = PBXBuildFile; fileRef = 90DDB767290180090094DE71 /* CalculatingButton.swift */; };
		90DDB76A2901807B0094DE71 /* TitleText.swift in Sources */ = {isa = PBXBuildFile; fileRef = 90DDB7692901807B0094DE71 /* TitleText.swift */; };
		90DDB76F290180E70094DE71 /* DismissButton.swift in Sources */ = {isa = PBXBuildFile; fileRef = 90DDB76E290180E70094DE71 /* DismissButton.swift */; };
		90DDB772290181D60094DE71 /* ResultText.swift in Sources */ = {isa = PBXBuildFile; fileRef = 90DDB771290181D60094DE71 /* ResultText.swift */; };
		90DDB7742901849F0094DE71 /* ExchangeRateViewModel.swift in Sources */ = {isa = PBXBuildFile; fileRef = 90DDB7732901849F0094DE71 /* ExchangeRateViewModel.swift */; };
		90DDB777290184B80094DE71 /* Alamofire in Frameworks */ = {isa = PBXBuildFile; productRef = 90DDB776290184B80094DE71 /* Alamofire */; };
		90DDB77A290185710094DE71 /* ExchangeRateModel.swift in Sources */ = {isa = PBXBuildFile; fileRef = 90DDB779290185710094DE71 /* ExchangeRateModel.swift */; };
		90DDB77C290210AA0094DE71 /* SelectCountryPicker.swift in Sources */ = {isa = PBXBuildFile; fileRef = 90DDB77B290210AA0094DE71 /* SelectCountryPicker.swift */; };
		90DDB77F290222220094DE71 /* DealText.swift in Sources */ = {isa = PBXBuildFile; fileRef = 90DDB77E290222220094DE71 /* DealText.swift */; };
		90DDB7852903D5600094DE71 /* CountryEnum.swift in Sources */ = {isa = PBXBuildFile; fileRef = 90DDB7842903D5600094DE71 /* CountryEnum.swift */; };
/* End PBXBuildFile section */

/* Begin PBXFileReference section */
		90DDB7322900229C0094DE71 /* team-comit.app */ = {isa = PBXFileReference; explicitFileType = wrapper.application; includeInIndex = 0; path = "team-comit.app"; sourceTree = BUILT_PRODUCTS_DIR; };
		90DDB7352900229C0094DE71 /* team_comitApp.swift */ = {isa = PBXFileReference; lastKnownFileType = sourcecode.swift; path = team_comitApp.swift; sourceTree = "<group>"; };
		90DDB7372900229C0094DE71 /* ContentView.swift */ = {isa = PBXFileReference; lastKnownFileType = sourcecode.swift; path = ContentView.swift; sourceTree = "<group>"; };
		90DDB7392900229E0094DE71 /* Assets.xcassets */ = {isa = PBXFileReference; lastKnownFileType = folder.assetcatalog; path = Assets.xcassets; sourceTree = "<group>"; };
		90DDB743290024220094DE71 /* ExchangeRateView.swift */ = {isa = PBXFileReference; lastKnownFileType = sourcecode.swift; path = ExchangeRateView.swift; sourceTree = "<group>"; };
		90DDB745290024600094DE71 /* ExchangedRateView.swift */ = {isa = PBXFileReference; lastKnownFileType = sourcecode.swift; path = ExchangedRateView.swift; sourceTree = "<group>"; };
		90DDB74B2900E0940094DE71 /* InformationText.swift */ = {isa = PBXFileReference; lastKnownFileType = sourcecode.swift; path = InformationText.swift; sourceTree = "<group>"; };
		90DDB74D2900E6C00094DE71 /* RemittanceAmountText.swift */ = {isa = PBXFileReference; lastKnownFileType = sourcecode.swift; path = RemittanceAmountText.swift; sourceTree = "<group>"; };
		90DDB74F2900F11D0094DE71 /* DarkModeStruct.swift */ = {isa = PBXFileReference; lastKnownFileType = sourcecode.swift; path = DarkModeStruct.swift; sourceTree = "<group>"; };
		90DDB75B2900FC650094DE71 /* hideKeyboard.swift */ = {isa = PBXFileReference; lastKnownFileType = sourcecode.swift; path = hideKeyboard.swift; sourceTree = "<group>"; };
		90DDB767290180090094DE71 /* CalculatingButton.swift */ = {isa = PBXFileReference; lastKnownFileType = sourcecode.swift; path = CalculatingButton.swift; sourceTree = "<group>"; };
		90DDB7692901807B0094DE71 /* TitleText.swift */ = {isa = PBXFileReference; lastKnownFileType = sourcecode.swift; path = TitleText.swift; sourceTree = "<group>"; };
		90DDB76E290180E70094DE71 /* DismissButton.swift */ = {isa = PBXFileReference; lastKnownFileType = sourcecode.swift; path = DismissButton.swift; sourceTree = "<group>"; };
		90DDB771290181D60094DE71 /* ResultText.swift */ = {isa = PBXFileReference; lastKnownFileType = sourcecode.swift; path = ResultText.swift; sourceTree = "<group>"; };
		90DDB7732901849F0094DE71 /* ExchangeRateViewModel.swift */ = {isa = PBXFileReference; lastKnownFileType = sourcecode.swift; path = ExchangeRateViewModel.swift; sourceTree = "<group>"; };
		90DDB779290185710094DE71 /* ExchangeRateModel.swift */ = {isa = PBXFileReference; lastKnownFileType = sourcecode.swift; path = ExchangeRateModel.swift; sourceTree = "<group>"; };
		90DDB77B290210AA0094DE71 /* SelectCountryPicker.swift */ = {isa = PBXFileReference; lastKnownFileType = sourcecode.swift; path = SelectCountryPicker.swift; sourceTree = "<group>"; };
		90DDB77E290222220094DE71 /* DealText.swift */ = {isa = PBXFileReference; lastKnownFileType = sourcecode.swift; path = DealText.swift; sourceTree = "<group>"; };
		90DDB7842903D5600094DE71 /* CountryEnum.swift */ = {isa = PBXFileReference; lastKnownFileType = sourcecode.swift; path = CountryEnum.swift; sourceTree = "<group>"; };
/* End PBXFileReference section */

/* Begin PBXFrameworksBuildPhase section */
		90DDB72F2900229C0094DE71 /* Frameworks */ = {
			isa = PBXFrameworksBuildPhase;
			buildActionMask = 2147483647;
			files = (
				90DDB777290184B80094DE71 /* Alamofire in Frameworks */,
			);
			runOnlyForDeploymentPostprocessing = 0;
		};
/* End PBXFrameworksBuildPhase section */

/* Begin PBXGroup section */
		90DDB7292900229C0094DE71 = {
			isa = PBXGroup;
			children = (
				90DDB7342900229C0094DE71 /* team-comit */,
				90DDB7332900229C0094DE71 /* Products */,
			);
			sourceTree = "<group>";
		};
		90DDB7332900229C0094DE71 /* Products */ = {
			isa = PBXGroup;
			children = (
				90DDB7322900229C0094DE71 /* team-comit.app */,
			);
			name = Products;
			sourceTree = "<group>";
		};
		90DDB7342900229C0094DE71 /* team-comit */ = {
			isa = PBXGroup;
			children = (
				90DDB7352900229C0094DE71 /* team_comitApp.swift */,
				90DDB7372900229C0094DE71 /* ContentView.swift */,
				90DDB7472900DEB50094DE71 /* Resource */,
				90DDB7482900DED50094DE71 /* Sources */,
				90DDB75A2900FC400094DE71 /* Extention */,
				90DDB778290185380094DE71 /* Model */,
			);
			path = "team-comit";
			sourceTree = "<group>";
		};
		90DDB7472900DEB50094DE71 /* Resource */ = {
			isa = PBXGroup;
			children = (
				90DDB7832903D5550094DE71 /* enum */,
				90DDB7822903D54E0094DE71 /* struct */,
				90DDB7392900229E0094DE71 /* Assets.xcassets */,
			);
			path = Resource;
			sourceTree = "<group>";
		};
		90DDB7482900DED50094DE71 /* Sources */ = {
			isa = PBXGroup;
			children = (
				90DDB74A2900DF070094DE71 /* Scene */,
			);
			path = Sources;
			sourceTree = "<group>";
		};
		90DDB74A2900DF070094DE71 /* Scene */ = {
			isa = PBXGroup;
			children = (
				90DDB75D29017EBD0094DE71 /* ExchangeRateView */,
				90DDB75E29017EC40094DE71 /* ChangedExchangeRateView */,
			);
			path = Scene;
			sourceTree = "<group>";
		};
		90DDB75A2900FC400094DE71 /* Extention */ = {
			isa = PBXGroup;
			children = (
				90DDB75B2900FC650094DE71 /* hideKeyboard.swift */,
			);
			name = Extention;
			path = Sources/Extention;
			sourceTree = "<group>";
		};
		90DDB75D29017EBD0094DE71 /* ExchangeRateView */ = {
			isa = PBXGroup;
			children = (
				90DDB76429017FC40094DE71 /* Button */,
				90DDB76329017F8F0094DE71 /* Text */,
				90DDB77D290210AE0094DE71 /* Picker */,
				90DDB76229017F5C0094DE71 /* ViewModel */,
				90DDB76129017F590094DE71 /* View */,
			);
			path = ExchangeRateView;
			sourceTree = "<group>";
		};
		90DDB75E29017EC40094DE71 /* ChangedExchangeRateView */ = {
			isa = PBXGroup;
			children = (
				90DDB76B290180C60094DE71 /* Button */,
				90DDB770290181C40094DE71 /* Text */,
				90DDB75F29017F2E0094DE71 /* View */,
			);
			path = ChangedExchangeRateView;
			sourceTree = "<group>";
		};
		90DDB75F29017F2E0094DE71 /* View */ = {
			isa = PBXGroup;
			children = (
				90DDB745290024600094DE71 /* ExchangedRateView.swift */,
			);
			path = View;
			sourceTree = "<group>";
		};
		90DDB76129017F590094DE71 /* View */ = {
			isa = PBXGroup;
			children = (
				90DDB743290024220094DE71 /* ExchangeRateView.swift */,
			);
			path = View;
			sourceTree = "<group>";
		};
		90DDB76229017F5C0094DE71 /* ViewModel */ = {
			isa = PBXGroup;
			children = (
				90DDB7732901849F0094DE71 /* ExchangeRateViewModel.swift */,
			);
			path = ViewModel;
			sourceTree = "<group>";
		};
		90DDB76329017F8F0094DE71 /* Text */ = {
			isa = PBXGroup;
			children = (
				90DDB74B2900E0940094DE71 /* InformationText.swift */,
				90DDB77E290222220094DE71 /* DealText.swift */,
				90DDB7692901807B0094DE71 /* TitleText.swift */,
				90DDB74D2900E6C00094DE71 /* RemittanceAmountText.swift */,
			);
			path = Text;
			sourceTree = "<group>";
		};
		90DDB76429017FC40094DE71 /* Button */ = {
			isa = PBXGroup;
			children = (
				90DDB767290180090094DE71 /* CalculatingButton.swift */,
			);
			path = Button;
			sourceTree = "<group>";
		};
		90DDB76B290180C60094DE71 /* Button */ = {
			isa = PBXGroup;
			children = (
				90DDB76E290180E70094DE71 /* DismissButton.swift */,
			);
			path = Button;
			sourceTree = "<group>";
		};
		90DDB770290181C40094DE71 /* Text */ = {
			isa = PBXGroup;
			children = (
				90DDB771290181D60094DE71 /* ResultText.swift */,
			);
			path = Text;
			sourceTree = "<group>";
		};
		90DDB778290185380094DE71 /* Model */ = {
			isa = PBXGroup;
			children = (
				90DDB779290185710094DE71 /* ExchangeRateModel.swift */,
			);
			path = Model;
			sourceTree = "<group>";
		};
		90DDB77D290210AE0094DE71 /* Picker */ = {
			isa = PBXGroup;
			children = (
				90DDB77B290210AA0094DE71 /* SelectCountryPicker.swift */,
			);
			path = Picker;
			sourceTree = "<group>";
		};
		90DDB7822903D54E0094DE71 /* struct */ = {
			isa = PBXGroup;
			children = (
				90DDB74F2900F11D0094DE71 /* DarkModeStruct.swift */,
			);
			path = struct;
			sourceTree = "<group>";
		};
		90DDB7832903D5550094DE71 /* enum */ = {
			isa = PBXGroup;
			children = (
				90DDB7842903D5600094DE71 /* CountryEnum.swift */,
			);
			path = enum;
			sourceTree = "<group>";
		};
/* End PBXGroup section */

/* Begin PBXNativeTarget section */
		90DDB7312900229C0094DE71 /* team-comit */ = {
			isa = PBXNativeTarget;
			buildConfigurationList = 90DDB7402900229E0094DE71 /* Build configuration list for PBXNativeTarget "team-comit" */;
			buildPhases = (
				90DDB72E2900229C0094DE71 /* Sources */,
				90DDB72F2900229C0094DE71 /* Frameworks */,
				90DDB7302900229C0094DE71 /* Resources */,
			);
			buildRules = (
			);
			dependencies = (
			);
			name = "team-comit";
			packageProductDependencies = (
				90DDB776290184B80094DE71 /* Alamofire */,
			);
			productName = "team-comit";
			productReference = 90DDB7322900229C0094DE71 /* team-comit.app */;
			productType = "com.apple.product-type.application";
		};
/* End PBXNativeTarget section */

/* Begin PBXProject section */
		90DDB72A2900229C0094DE71 /* Project object */ = {
			isa = PBXProject;
			attributes = {
				BuildIndependentTargetsInParallel = 1;
				LastSwiftUpdateCheck = 1400;
				LastUpgradeCheck = 1400;
				TargetAttributes = {
					90DDB7312900229C0094DE71 = {
						CreatedOnToolsVersion = 14.0.1;
					};
				};
			};
			buildConfigurationList = 90DDB72D2900229C0094DE71 /* Build configuration list for PBXProject "team-comit" */;
			compatibilityVersion = "Xcode 14.0";
			developmentRegion = en;
			hasScannedForEncodings = 0;
			knownRegions = (
				en,
				Base,
			);
			mainGroup = 90DDB7292900229C0094DE71;
			packageReferences = (
				90DDB775290184B80094DE71 /* XCRemoteSwiftPackageReference "Alamofire" */,
			);
			productRefGroup = 90DDB7332900229C0094DE71 /* Products */;
			projectDirPath = "";
			projectRoot = "";
			targets = (
				90DDB7312900229C0094DE71 /* team-comit */,
			);
		};
/* End PBXProject section */

/* Begin PBXResourcesBuildPhase section */
		90DDB7302900229C0094DE71 /* Resources */ = {
			isa = PBXResourcesBuildPhase;
			buildActionMask = 2147483647;
			files = (
				90DDB73A2900229E0094DE71 /* Assets.xcassets in Resources */,
			);
			runOnlyForDeploymentPostprocessing = 0;
		};
/* End PBXResourcesBuildPhase section */

/* Begin PBXSourcesBuildPhase section */
		90DDB72E2900229C0094DE71 /* Sources */ = {
			isa = PBXSourcesBuildPhase;
			buildActionMask = 2147483647;
			files = (
				90DDB768290180090094DE71 /* CalculatingButton.swift in Sources */,
				90DDB75C2900FC650094DE71 /* hideKeyboard.swift in Sources */,
				90DDB74E2900E6C00094DE71 /* RemittanceAmountText.swift in Sources */,
				90DDB77C290210AA0094DE71 /* SelectCountryPicker.swift in Sources */,
				90DDB77F290222220094DE71 /* DealText.swift in Sources */,
				90DDB76F290180E70094DE71 /* DismissButton.swift in Sources */,
				90DDB744290024220094DE71 /* ExchangeRateView.swift in Sources */,
				90DDB74C2900E0940094DE71 /* InformationText.swift in Sources */,
				90DDB7502900F11D0094DE71 /* DarkModeStruct.swift in Sources */,
				90DDB772290181D60094DE71 /* ResultText.swift in Sources */,
				90DDB746290024600094DE71 /* ExchangedRateView.swift in Sources */,
				90DDB7852903D5600094DE71 /* CountryEnum.swift in Sources */,
				90DDB7742901849F0094DE71 /* ExchangeRateViewModel.swift in Sources */,
				90DDB77A290185710094DE71 /* ExchangeRateModel.swift in Sources */,
				90DDB7382900229C0094DE71 /* ContentView.swift in Sources */,
				90DDB7362900229C0094DE71 /* team_comitApp.swift in Sources */,
				90DDB76A2901807B0094DE71 /* TitleText.swift in Sources */,
			);
			runOnlyForDeploymentPostprocessing = 0;
		};
/* End PBXSourcesBuildPhase section */

/* Begin XCBuildConfiguration section */
		90DDB73E2900229E0094DE71 /* Debug */ = {
			isa = XCBuildConfiguration;
			buildSettings = {
				ALWAYS_SEARCH_USER_PATHS = NO;
				CLANG_ANALYZER_NONNULL = YES;
				CLANG_ANALYZER_NUMBER_OBJECT_CONVERSION = YES_AGGRESSIVE;
				CLANG_CXX_LANGUAGE_STANDARD = "gnu++20";
				CLANG_ENABLE_MODULES = YES;
				CLANG_ENABLE_OBJC_ARC = YES;
				CLANG_ENABLE_OBJC_WEAK = YES;
				CLANG_WARN_BLOCK_CAPTURE_AUTORELEASING = YES;
				CLANG_WARN_BOOL_CONVERSION = YES;
				CLANG_WARN_COMMA = YES;
				CLANG_WARN_CONSTANT_CONVERSION = YES;
				CLANG_WARN_DEPRECATED_OBJC_IMPLEMENTATIONS = YES;
				CLANG_WARN_DIRECT_OBJC_ISA_USAGE = YES_ERROR;
				CLANG_WARN_DOCUMENTATION_COMMENTS = YES;
				CLANG_WARN_EMPTY_BODY = YES;
				CLANG_WARN_ENUM_CONVERSION = YES;
				CLANG_WARN_INFINITE_RECURSION = YES;
				CLANG_WARN_INT_CONVERSION = YES;
				CLANG_WARN_NON_LITERAL_NULL_CONVERSION = YES;
				CLANG_WARN_OBJC_IMPLICIT_RETAIN_SELF = YES;
				CLANG_WARN_OBJC_LITERAL_CONVERSION = YES;
				CLANG_WARN_OBJC_ROOT_CLASS = YES_ERROR;
				CLANG_WARN_QUOTED_INCLUDE_IN_FRAMEWORK_HEADER = YES;
				CLANG_WARN_RANGE_LOOP_ANALYSIS = YES;
				CLANG_WARN_STRICT_PROTOTYPES = YES;
				CLANG_WARN_SUSPICIOUS_MOVE = YES;
				CLANG_WARN_UNGUARDED_AVAILABILITY = YES_AGGRESSIVE;
				CLANG_WARN_UNREACHABLE_CODE = YES;
				CLANG_WARN__DUPLICATE_METHOD_MATCH = YES;
				COPY_PHASE_STRIP = NO;
				DEBUG_INFORMATION_FORMAT = dwarf;
				ENABLE_STRICT_OBJC_MSGSEND = YES;
				ENABLE_TESTABILITY = YES;
				GCC_C_LANGUAGE_STANDARD = gnu11;
				GCC_DYNAMIC_NO_PIC = NO;
				GCC_NO_COMMON_BLOCKS = YES;
				GCC_OPTIMIZATION_LEVEL = 0;
				GCC_PREPROCESSOR_DEFINITIONS = (
					"DEBUG=1",
					"$(inherited)",
				);
				GCC_WARN_64_TO_32_BIT_CONVERSION = YES;
				GCC_WARN_ABOUT_RETURN_TYPE = YES_ERROR;
				GCC_WARN_UNDECLARED_SELECTOR = YES;
				GCC_WARN_UNINITIALIZED_AUTOS = YES_AGGRESSIVE;
				GCC_WARN_UNUSED_FUNCTION = YES;
				GCC_WARN_UNUSED_VARIABLE = YES;
				IPHONEOS_DEPLOYMENT_TARGET = 16.0;
				MTL_ENABLE_DEBUG_INFO = INCLUDE_SOURCE;
				MTL_FAST_MATH = YES;
				ONLY_ACTIVE_ARCH = YES;
				SDKROOT = iphoneos;
				SWIFT_ACTIVE_COMPILATION_CONDITIONS = DEBUG;
				SWIFT_OPTIMIZATION_LEVEL = "-Onone";
			};
			name = Debug;
		};
		90DDB73F2900229E0094DE71 /* Release */ = {
			isa = XCBuildConfiguration;
			buildSettings = {
				ALWAYS_SEARCH_USER_PATHS = NO;
				CLANG_ANALYZER_NONNULL = YES;
				CLANG_ANALYZER_NUMBER_OBJECT_CONVERSION = YES_AGGRESSIVE;
				CLANG_CXX_LANGUAGE_STANDARD = "gnu++20";
				CLANG_ENABLE_MODULES = YES;
				CLANG_ENABLE_OBJC_ARC = YES;
				CLANG_ENABLE_OBJC_WEAK = YES;
				CLANG_WARN_BLOCK_CAPTURE_AUTORELEASING = YES;
				CLANG_WARN_BOOL_CONVERSION = YES;
				CLANG_WARN_COMMA = YES;
				CLANG_WARN_CONSTANT_CONVERSION = YES;
				CLANG_WARN_DEPRECATED_OBJC_IMPLEMENTATIONS = YES;
				CLANG_WARN_DIRECT_OBJC_ISA_USAGE = YES_ERROR;
				CLANG_WARN_DOCUMENTATION_COMMENTS = YES;
				CLANG_WARN_EMPTY_BODY = YES;
				CLANG_WARN_ENUM_CONVERSION = YES;
				CLANG_WARN_INFINITE_RECURSION = YES;
				CLANG_WARN_INT_CONVERSION = YES;
				CLANG_WARN_NON_LITERAL_NULL_CONVERSION = YES;
				CLANG_WARN_OBJC_IMPLICIT_RETAIN_SELF = YES;
				CLANG_WARN_OBJC_LITERAL_CONVERSION = YES;
				CLANG_WARN_OBJC_ROOT_CLASS = YES_ERROR;
				CLANG_WARN_QUOTED_INCLUDE_IN_FRAMEWORK_HEADER = YES;
				CLANG_WARN_RANGE_LOOP_ANALYSIS = YES;
				CLANG_WARN_STRICT_PROTOTYPES = YES;
				CLANG_WARN_SUSPICIOUS_MOVE = YES;
				CLANG_WARN_UNGUARDED_AVAILABILITY = YES_AGGRESSIVE;
				CLANG_WARN_UNREACHABLE_CODE = YES;
				CLANG_WARN__DUPLICATE_METHOD_MATCH = YES;
				COPY_PHASE_STRIP = NO;
				DEBUG_INFORMATION_FORMAT = "dwarf-with-dsym";
				ENABLE_NS_ASSERTIONS = NO;
				ENABLE_STRICT_OBJC_MSGSEND = YES;
				GCC_C_LANGUAGE_STANDARD = gnu11;
				GCC_NO_COMMON_BLOCKS = YES;
				GCC_WARN_64_TO_32_BIT_CONVERSION = YES;
				GCC_WARN_ABOUT_RETURN_TYPE = YES_ERROR;
				GCC_WARN_UNDECLARED_SELECTOR = YES;
				GCC_WARN_UNINITIALIZED_AUTOS = YES_AGGRESSIVE;
				GCC_WARN_UNUSED_FUNCTION = YES;
				GCC_WARN_UNUSED_VARIABLE = YES;
				IPHONEOS_DEPLOYMENT_TARGET = 16.0;
				MTL_ENABLE_DEBUG_INFO = NO;
				MTL_FAST_MATH = YES;
				SDKROOT = iphoneos;
				SWIFT_COMPILATION_MODE = wholemodule;
				SWIFT_OPTIMIZATION_LEVEL = "-O";
				VALIDATE_PRODUCT = YES;
			};
			name = Release;
		};
		90DDB7412900229E0094DE71 /* Debug */ = {
			isa = XCBuildConfiguration;
			buildSettings = {
				ASSETCATALOG_COMPILER_APPICON_NAME = AppIcon;
				ASSETCATALOG_COMPILER_GLOBAL_ACCENT_COLOR_NAME = AccentColor;
				CODE_SIGN_STYLE = Automatic;
				CURRENT_PROJECT_VERSION = 1;
				DEVELOPMENT_ASSET_PATHS = "\"team-comit/Preview Content\"";
				DEVELOPMENT_TEAM = 63UM6H56P2;
				ENABLE_PREVIEWS = YES;
				GENERATE_INFOPLIST_FILE = YES;
				INFOPLIST_KEY_UIApplicationSceneManifest_Generation = YES;
				INFOPLIST_KEY_UIApplicationSupportsIndirectInputEvents = YES;
				INFOPLIST_KEY_UILaunchScreen_Generation = YES;
				INFOPLIST_KEY_UISupportedInterfaceOrientations_iPad = "UIInterfaceOrientationPortrait UIInterfaceOrientationPortraitUpsideDown UIInterfaceOrientationLandscapeLeft UIInterfaceOrientationLandscapeRight";
				INFOPLIST_KEY_UISupportedInterfaceOrientations_iPhone = "UIInterfaceOrientationPortrait UIInterfaceOrientationLandscapeLeft UIInterfaceOrientationLandscapeRight";
				LD_RUNPATH_SEARCH_PATHS = (
					"$(inherited)",
					"@executable_path/Frameworks",
				);
				MARKETING_VERSION = 1.0;
				PRODUCT_BUNDLE_IDENTIFIER = "com.test.team-comit";
				PRODUCT_NAME = "$(TARGET_NAME)";
				SWIFT_EMIT_LOC_STRINGS = YES;
				SWIFT_VERSION = 5.0;
				TARGETED_DEVICE_FAMILY = "1,2";
			};
			name = Debug;
		};
		90DDB7422900229E0094DE71 /* Release */ = {
			isa = XCBuildConfiguration;
			buildSettings = {
				ASSETCATALOG_COMPILER_APPICON_NAME = AppIcon;
				ASSETCATALOG_COMPILER_GLOBAL_ACCENT_COLOR_NAME = AccentColor;
				CODE_SIGN_STYLE = Automatic;
				CURRENT_PROJECT_VERSION = 1;
				DEVELOPMENT_ASSET_PATHS = "\"team-comit/Preview Content\"";
				DEVELOPMENT_TEAM = 63UM6H56P2;
				ENABLE_PREVIEWS = YES;
				GENERATE_INFOPLIST_FILE = YES;
				INFOPLIST_KEY_UIApplicationSceneManifest_Generation = YES;
				INFOPLIST_KEY_UIApplicationSupportsIndirectInputEvents = YES;
				INFOPLIST_KEY_UILaunchScreen_Generation = YES;
				INFOPLIST_KEY_UISupportedInterfaceOrientations_iPad = "UIInterfaceOrientationPortrait UIInterfaceOrientationPortraitUpsideDown UIInterfaceOrientationLandscapeLeft UIInterfaceOrientationLandscapeRight";
				INFOPLIST_KEY_UISupportedInterfaceOrientations_iPhone = "UIInterfaceOrientationPortrait UIInterfaceOrientationLandscapeLeft UIInterfaceOrientationLandscapeRight";
				LD_RUNPATH_SEARCH_PATHS = (
					"$(inherited)",
					"@executable_path/Frameworks",
				);
				MARKETING_VERSION = 1.0;
				PRODUCT_BUNDLE_IDENTIFIER = "com.test.team-comit";
				PRODUCT_NAME = "$(TARGET_NAME)";
				SWIFT_EMIT_LOC_STRINGS = YES;
				SWIFT_VERSION = 5.0;
				TARGETED_DEVICE_FAMILY = "1,2";
			};
			name = Release;
		};
/* End XCBuildConfiguration section */

/* Begin XCConfigurationList section */
		90DDB72D2900229C0094DE71 /* Build configuration list for PBXProject "team-comit" */ = {
			isa = XCConfigurationList;
			buildConfigurations = (
				90DDB73E2900229E0094DE71 /* Debug */,
				90DDB73F2900229E0094DE71 /* Release */,
			);
			defaultConfigurationIsVisible = 0;
			defaultConfigurationName = Release;
		};
		90DDB7402900229E0094DE71 /* Build configuration list for PBXNativeTarget "team-comit" */ = {
			isa = XCConfigurationList;
			buildConfigurations = (
				90DDB7412900229E0094DE71 /* Debug */,
				90DDB7422900229E0094DE71 /* Release */,
			);
			defaultConfigurationIsVisible = 0;
			defaultConfigurationName = Release;
		};
/* End XCConfigurationList section */

/* Begin XCRemoteSwiftPackageReference section */
		90DDB775290184B80094DE71 /* XCRemoteSwiftPackageReference "Alamofire" */ = {
			isa = XCRemoteSwiftPackageReference;
			repositoryURL = "https://github.com/Alamofire/Alamofire.git";
			requirement = {
				kind = upToNextMajorVersion;
				minimumVersion = 5.0.0;
			};
		};
/* End XCRemoteSwiftPackageReference section */

/* Begin XCSwiftPackageProductDependency section */
		90DDB776290184B80094DE71 /* Alamofire */ = {
			isa = XCSwiftPackageProductDependency;
			package = 90DDB775290184B80094DE71 /* XCRemoteSwiftPackageReference "Alamofire" */;
			productName = Alamofire;
		};
/* End XCSwiftPackageProductDependency section */
	};
	rootObject = 90DDB72A2900229C0094DE71 /* Project object */;
}
