// !$*UTF8*$!
{
	archiveVersion = 1;
	classes = {
	};
	objectVersion = 55;
	objects = {

/* Begin PBXBuildFile section */
		386EB1A08047A14186B703D9 /* Pods_APITEST.framework in Frameworks */ = {isa = PBXBuildFile; fileRef = CDDCF20155DF9B448C2E8F56 /* Pods_APITEST.framework */; };
		90A018772871D53D0063FB80 /* AppDelegate.swift in Sources */ = {isa = PBXBuildFile; fileRef = 90A018762871D53D0063FB80 /* AppDelegate.swift */; };
		90A018792871D53D0063FB80 /* SceneDelegate.swift in Sources */ = {isa = PBXBuildFile; fileRef = 90A018782871D53D0063FB80 /* SceneDelegate.swift */; };
		90A0187B2871D53D0063FB80 /* ViewController.swift in Sources */ = {isa = PBXBuildFile; fileRef = 90A0187A2871D53D0063FB80 /* ViewController.swift */; };
		90A0187E2871D53D0063FB80 /* Main.storyboard in Resources */ = {isa = PBXBuildFile; fileRef = 90A0187C2871D53D0063FB80 /* Main.storyboard */; };
		90A018802871D53E0063FB80 /* Assets.xcassets in Resources */ = {isa = PBXBuildFile; fileRef = 90A0187F2871D53E0063FB80 /* Assets.xcassets */; };
		90A018832871D53E0063FB80 /* LaunchScreen.storyboard in Resources */ = {isa = PBXBuildFile; fileRef = 90A018812871D53E0063FB80 /* LaunchScreen.storyboard */; };
		90A0188B2871DCEC0063FB80 /* Response.swift in Sources */ = {isa = PBXBuildFile; fileRef = 90A0188A2871DCEC0063FB80 /* Response.swift */; };
		90C28050287567B9001CD1D1 /* GuessSex.swift in Sources */ = {isa = PBXBuildFile; fileRef = 90C2804F287567B9001CD1D1 /* GuessSex.swift */; };
/* End PBXBuildFile section */

/* Begin PBXFileReference section */
		5ED0D6965C179C938E4E9C40 /* Pods-APITEST.release.xcconfig */ = {isa = PBXFileReference; includeInIndex = 1; lastKnownFileType = text.xcconfig; name = "Pods-APITEST.release.xcconfig"; path = "Target Support Files/Pods-APITEST/Pods-APITEST.release.xcconfig"; sourceTree = "<group>"; };
		90A018732871D53D0063FB80 /* APITEST.app */ = {isa = PBXFileReference; explicitFileType = wrapper.application; includeInIndex = 0; path = APITEST.app; sourceTree = BUILT_PRODUCTS_DIR; };
		90A018762871D53D0063FB80 /* AppDelegate.swift */ = {isa = PBXFileReference; lastKnownFileType = sourcecode.swift; path = AppDelegate.swift; sourceTree = "<group>"; };
		90A018782871D53D0063FB80 /* SceneDelegate.swift */ = {isa = PBXFileReference; lastKnownFileType = sourcecode.swift; path = SceneDelegate.swift; sourceTree = "<group>"; };
		90A0187A2871D53D0063FB80 /* ViewController.swift */ = {isa = PBXFileReference; lastKnownFileType = sourcecode.swift; path = ViewController.swift; sourceTree = "<group>"; };
		90A0187D2871D53D0063FB80 /* Base */ = {isa = PBXFileReference; lastKnownFileType = file.storyboard; name = Base; path = Base.lproj/Main.storyboard; sourceTree = "<group>"; };
		90A0187F2871D53E0063FB80 /* Assets.xcassets */ = {isa = PBXFileReference; lastKnownFileType = folder.assetcatalog; path = Assets.xcassets; sourceTree = "<group>"; };
		90A018822871D53E0063FB80 /* Base */ = {isa = PBXFileReference; lastKnownFileType = file.storyboard; name = Base; path = Base.lproj/LaunchScreen.storyboard; sourceTree = "<group>"; };
		90A018842871D53E0063FB80 /* Info.plist */ = {isa = PBXFileReference; lastKnownFileType = text.plist.xml; path = Info.plist; sourceTree = "<group>"; };
		90A0188A2871DCEC0063FB80 /* Response.swift */ = {isa = PBXFileReference; lastKnownFileType = sourcecode.swift; path = Response.swift; sourceTree = "<group>"; };
		90C2804F287567B9001CD1D1 /* GuessSex.swift */ = {isa = PBXFileReference; lastKnownFileType = sourcecode.swift; path = GuessSex.swift; sourceTree = "<group>"; };
		ACC13041FC472D8F92C43EC2 /* Pods-APITEST.debug.xcconfig */ = {isa = PBXFileReference; includeInIndex = 1; lastKnownFileType = text.xcconfig; name = "Pods-APITEST.debug.xcconfig"; path = "Target Support Files/Pods-APITEST/Pods-APITEST.debug.xcconfig"; sourceTree = "<group>"; };
		CDDCF20155DF9B448C2E8F56 /* Pods_APITEST.framework */ = {isa = PBXFileReference; explicitFileType = wrapper.framework; includeInIndex = 0; path = Pods_APITEST.framework; sourceTree = BUILT_PRODUCTS_DIR; };
/* End PBXFileReference section */

/* Begin PBXFrameworksBuildPhase section */
		90A018702871D53D0063FB80 /* Frameworks */ = {
			isa = PBXFrameworksBuildPhase;
			buildActionMask = 2147483647;
			files = (
				386EB1A08047A14186B703D9 /* Pods_APITEST.framework in Frameworks */,
			);
			runOnlyForDeploymentPostprocessing = 0;
		};
/* End PBXFrameworksBuildPhase section */

/* Begin PBXGroup section */
		0A5DC5B999DEDDFA1935006B /* Frameworks */ = {
			isa = PBXGroup;
			children = (
				CDDCF20155DF9B448C2E8F56 /* Pods_APITEST.framework */,
			);
			name = Frameworks;
			sourceTree = "<group>";
		};
		90A0186A2871D53D0063FB80 = {
			isa = PBXGroup;
			children = (
				90A018752871D53D0063FB80 /* APITEST */,
				90A018742871D53D0063FB80 /* Products */,
				BF90CF6718725BC1E56362B0 /* Pods */,
				0A5DC5B999DEDDFA1935006B /* Frameworks */,
			);
			sourceTree = "<group>";
		};
		90A018742871D53D0063FB80 /* Products */ = {
			isa = PBXGroup;
			children = (
				90A018732871D53D0063FB80 /* APITEST.app */,
			);
			name = Products;
			sourceTree = "<group>";
		};
		90A018752871D53D0063FB80 /* APITEST */ = {
			isa = PBXGroup;
			children = (
				90A018762871D53D0063FB80 /* AppDelegate.swift */,
				90A018782871D53D0063FB80 /* SceneDelegate.swift */,
				90A0187A2871D53D0063FB80 /* ViewController.swift */,
				90C2804F287567B9001CD1D1 /* GuessSex.swift */,
				90A0188A2871DCEC0063FB80 /* Response.swift */,
				90A0187C2871D53D0063FB80 /* Main.storyboard */,
				90A0187F2871D53E0063FB80 /* Assets.xcassets */,
				90A018812871D53E0063FB80 /* LaunchScreen.storyboard */,
				90A018842871D53E0063FB80 /* Info.plist */,
			);
			path = APITEST;
			sourceTree = "<group>";
		};
		BF90CF6718725BC1E56362B0 /* Pods */ = {
			isa = PBXGroup;
			children = (
				ACC13041FC472D8F92C43EC2 /* Pods-APITEST.debug.xcconfig */,
				5ED0D6965C179C938E4E9C40 /* Pods-APITEST.release.xcconfig */,
			);
			path = Pods;
			sourceTree = "<group>";
		};
/* End PBXGroup section */

/* Begin PBXNativeTarget section */
		90A018722871D53D0063FB80 /* APITEST */ = {
			isa = PBXNativeTarget;
			buildConfigurationList = 90A018872871D53E0063FB80 /* Build configuration list for PBXNativeTarget "APITEST" */;
			buildPhases = (
				15D8052A9A02C0FD05AF55CD /* [CP] Check Pods Manifest.lock */,
				90A0186F2871D53D0063FB80 /* Sources */,
				90A018702871D53D0063FB80 /* Frameworks */,
				90A018712871D53D0063FB80 /* Resources */,
				091B846C44B6219A9F415EF4 /* [CP] Embed Pods Frameworks */,
			);
			buildRules = (
			);
			dependencies = (
			);
			name = APITEST;
			productName = APITEST;
			productReference = 90A018732871D53D0063FB80 /* APITEST.app */;
			productType = "com.apple.product-type.application";
		};
/* End PBXNativeTarget section */

/* Begin PBXProject section */
		90A0186B2871D53D0063FB80 /* Project object */ = {
			isa = PBXProject;
			attributes = {
				BuildIndependentTargetsInParallel = 1;
				LastSwiftUpdateCheck = 1340;
				LastUpgradeCheck = 1340;
				TargetAttributes = {
					90A018722871D53D0063FB80 = {
						CreatedOnToolsVersion = 13.4.1;
					};
				};
			};
			buildConfigurationList = 90A0186E2871D53D0063FB80 /* Build configuration list for PBXProject "APITEST" */;
			compatibilityVersion = "Xcode 13.0";
			developmentRegion = en;
			hasScannedForEncodings = 0;
			knownRegions = (
				en,
				Base,
			);
			mainGroup = 90A0186A2871D53D0063FB80;
			productRefGroup = 90A018742871D53D0063FB80 /* Products */;
			projectDirPath = "";
			projectRoot = "";
			targets = (
				90A018722871D53D0063FB80 /* APITEST */,
			);
		};
/* End PBXProject section */

/* Begin PBXResourcesBuildPhase section */
		90A018712871D53D0063FB80 /* Resources */ = {
			isa = PBXResourcesBuildPhase;
			buildActionMask = 2147483647;
			files = (
				90A018832871D53E0063FB80 /* LaunchScreen.storyboard in Resources */,
				90A018802871D53E0063FB80 /* Assets.xcassets in Resources */,
				90A0187E2871D53D0063FB80 /* Main.storyboard in Resources */,
			);
			runOnlyForDeploymentPostprocessing = 0;
		};
/* End PBXResourcesBuildPhase section */

/* Begin PBXShellScriptBuildPhase section */
		091B846C44B6219A9F415EF4 /* [CP] Embed Pods Frameworks */ = {
			isa = PBXShellScriptBuildPhase;
			buildActionMask = 2147483647;
			files = (
			);
			inputFileListPaths = (
				"${PODS_ROOT}/Target Support Files/Pods-APITEST/Pods-APITEST-frameworks-${CONFIGURATION}-input-files.xcfilelist",
			);
			name = "[CP] Embed Pods Frameworks";
			outputFileListPaths = (
				"${PODS_ROOT}/Target Support Files/Pods-APITEST/Pods-APITEST-frameworks-${CONFIGURATION}-output-files.xcfilelist",
			);
			runOnlyForDeploymentPostprocessing = 0;
			shellPath = /bin/sh;
			shellScript = "\"${PODS_ROOT}/Target Support Files/Pods-APITEST/Pods-APITEST-frameworks.sh\"\n";
			showEnvVarsInLog = 0;
		};
		15D8052A9A02C0FD05AF55CD /* [CP] Check Pods Manifest.lock */ = {
			isa = PBXShellScriptBuildPhase;
			buildActionMask = 2147483647;
			files = (
			);
			inputFileListPaths = (
			);
			inputPaths = (
				"${PODS_PODFILE_DIR_PATH}/Podfile.lock",
				"${PODS_ROOT}/Manifest.lock",
			);
			name = "[CP] Check Pods Manifest.lock";
			outputFileListPaths = (
			);
			outputPaths = (
				"$(DERIVED_FILE_DIR)/Pods-APITEST-checkManifestLockResult.txt",
			);
			runOnlyForDeploymentPostprocessing = 0;
			shellPath = /bin/sh;
			shellScript = "diff \"${PODS_PODFILE_DIR_PATH}/Podfile.lock\" \"${PODS_ROOT}/Manifest.lock\" > /dev/null\nif [ $? != 0 ] ; then\n    # print error to STDERR\n    echo \"error: The sandbox is not in sync with the Podfile.lock. Run 'pod install' or update your CocoaPods installation.\" >&2\n    exit 1\nfi\n# This output is used by Xcode 'outputs' to avoid re-running this script phase.\necho \"SUCCESS\" > \"${SCRIPT_OUTPUT_FILE_0}\"\n";
			showEnvVarsInLog = 0;
		};
/* End PBXShellScriptBuildPhase section */

/* Begin PBXSourcesBuildPhase section */
		90A0186F2871D53D0063FB80 /* Sources */ = {
			isa = PBXSourcesBuildPhase;
			buildActionMask = 2147483647;
			files = (
				90C28050287567B9001CD1D1 /* GuessSex.swift in Sources */,
				90A0187B2871D53D0063FB80 /* ViewController.swift in Sources */,
				90A0188B2871DCEC0063FB80 /* Response.swift in Sources */,
				90A018772871D53D0063FB80 /* AppDelegate.swift in Sources */,
				90A018792871D53D0063FB80 /* SceneDelegate.swift in Sources */,
			);
			runOnlyForDeploymentPostprocessing = 0;
		};
/* End PBXSourcesBuildPhase section */

/* Begin PBXVariantGroup section */
		90A0187C2871D53D0063FB80 /* Main.storyboard */ = {
			isa = PBXVariantGroup;
			children = (
				90A0187D2871D53D0063FB80 /* Base */,
			);
			name = Main.storyboard;
			sourceTree = "<group>";
		};
		90A018812871D53E0063FB80 /* LaunchScreen.storyboard */ = {
			isa = PBXVariantGroup;
			children = (
				90A018822871D53E0063FB80 /* Base */,
			);
			name = LaunchScreen.storyboard;
			sourceTree = "<group>";
		};
/* End PBXVariantGroup section */

/* Begin XCBuildConfiguration section */
		90A018852871D53E0063FB80 /* Debug */ = {
			isa = XCBuildConfiguration;
			buildSettings = {
				ALWAYS_SEARCH_USER_PATHS = NO;
				CLANG_ANALYZER_NONNULL = YES;
				CLANG_ANALYZER_NUMBER_OBJECT_CONVERSION = YES_AGGRESSIVE;
				CLANG_CXX_LANGUAGE_STANDARD = "gnu++17";
				CLANG_ENABLE_MODULES = YES;
				CLANG_ENABLE_OBJC_ARC = YES;
				CLANG_ENABLE_OBJC_WEAK = YES;
				CLANG_WARN_BLOCK_CAPTURE_AUTORELEASING = YES;
				CLANG_WARN_BOOL_CONVERSION = YES;
				CLANG_WARN_COMMA = YES;
				CLANG_WARN_CONSTANT_CONVERSION = YES;
				CLANG_WARN_DEPRECATED_OBJC_IMPLEMENTATIONS = YES;
				CLANG_WARN_DIRECT_OBJC_ISA_USAGE = YES_ERROR;
				CLANG_WARN_DOCUMENTATION_COMMENTS = YES;
				CLANG_WARN_EMPTY_BODY = YES;
				CLANG_WARN_ENUM_CONVERSION = YES;
				CLANG_WARN_INFINITE_RECURSION = YES;
				CLANG_WARN_INT_CONVERSION = YES;
				CLANG_WARN_NON_LITERAL_NULL_CONVERSION = YES;
				CLANG_WARN_OBJC_IMPLICIT_RETAIN_SELF = YES;
				CLANG_WARN_OBJC_LITERAL_CONVERSION = YES;
				CLANG_WARN_OBJC_ROOT_CLASS = YES_ERROR;
				CLANG_WARN_QUOTED_INCLUDE_IN_FRAMEWORK_HEADER = YES;
				CLANG_WARN_RANGE_LOOP_ANALYSIS = YES;
				CLANG_WARN_STRICT_PROTOTYPES = YES;
				CLANG_WARN_SUSPICIOUS_MOVE = YES;
				CLANG_WARN_UNGUARDED_AVAILABILITY = YES_AGGRESSIVE;
				CLANG_WARN_UNREACHABLE_CODE = YES;
				CLANG_WARN__DUPLICATE_METHOD_MATCH = YES;
				COPY_PHASE_STRIP = NO;
				DEBUG_INFORMATION_FORMAT = dwarf;
				ENABLE_STRICT_OBJC_MSGSEND = YES;
				ENABLE_TESTABILITY = YES;
				GCC_C_LANGUAGE_STANDARD = gnu11;
				GCC_DYNAMIC_NO_PIC = NO;
				GCC_NO_COMMON_BLOCKS = YES;
				GCC_OPTIMIZATION_LEVEL = 0;
				GCC_PREPROCESSOR_DEFINITIONS = (
					"DEBUG=1",
					"$(inherited)",
				);
				GCC_WARN_64_TO_32_BIT_CONVERSION = YES;
				GCC_WARN_ABOUT_RETURN_TYPE = YES_ERROR;
				GCC_WARN_UNDECLARED_SELECTOR = YES;
				GCC_WARN_UNINITIALIZED_AUTOS = YES_AGGRESSIVE;
				GCC_WARN_UNUSED_FUNCTION = YES;
				GCC_WARN_UNUSED_VARIABLE = YES;
				IPHONEOS_DEPLOYMENT_TARGET = 15.5;
				MTL_ENABLE_DEBUG_INFO = INCLUDE_SOURCE;
				MTL_FAST_MATH = YES;
				ONLY_ACTIVE_ARCH = YES;
				SDKROOT = iphoneos;
				SWIFT_ACTIVE_COMPILATION_CONDITIONS = DEBUG;
				SWIFT_OPTIMIZATION_LEVEL = "-Onone";
			};
			name = Debug;
		};
		90A018862871D53E0063FB80 /* Release */ = {
			isa = XCBuildConfiguration;
			buildSettings = {
				ALWAYS_SEARCH_USER_PATHS = NO;
				CLANG_ANALYZER_NONNULL = YES;
				CLANG_ANALYZER_NUMBER_OBJECT_CONVERSION = YES_AGGRESSIVE;
				CLANG_CXX_LANGUAGE_STANDARD = "gnu++17";
				CLANG_ENABLE_MODULES = YES;
				CLANG_ENABLE_OBJC_ARC = YES;
				CLANG_ENABLE_OBJC_WEAK = YES;
				CLANG_WARN_BLOCK_CAPTURE_AUTORELEASING = YES;
				CLANG_WARN_BOOL_CONVERSION = YES;
				CLANG_WARN_COMMA = YES;
				CLANG_WARN_CONSTANT_CONVERSION = YES;
				CLANG_WARN_DEPRECATED_OBJC_IMPLEMENTATIONS = YES;
				CLANG_WARN_DIRECT_OBJC_ISA_USAGE = YES_ERROR;
				CLANG_WARN_DOCUMENTATION_COMMENTS = YES;
				CLANG_WARN_EMPTY_BODY = YES;
				CLANG_WARN_ENUM_CONVERSION = YES;
				CLANG_WARN_INFINITE_RECURSION = YES;
				CLANG_WARN_INT_CONVERSION = YES;
				CLANG_WARN_NON_LITERAL_NULL_CONVERSION = YES;
				CLANG_WARN_OBJC_IMPLICIT_RETAIN_SELF = YES;
				CLANG_WARN_OBJC_LITERAL_CONVERSION = YES;
				CLANG_WARN_OBJC_ROOT_CLASS = YES_ERROR;
				CLANG_WARN_QUOTED_INCLUDE_IN_FRAMEWORK_HEADER = YES;
				CLANG_WARN_RANGE_LOOP_ANALYSIS = YES;
				CLANG_WARN_STRICT_PROTOTYPES = YES;
				CLANG_WARN_SUSPICIOUS_MOVE = YES;
				CLANG_WARN_UNGUARDED_AVAILABILITY = YES_AGGRESSIVE;
				CLANG_WARN_UNREACHABLE_CODE = YES;
				CLANG_WARN__DUPLICATE_METHOD_MATCH = YES;
				COPY_PHASE_STRIP = NO;
				DEBUG_INFORMATION_FORMAT = "dwarf-with-dsym";
				ENABLE_NS_ASSERTIONS = NO;
				ENABLE_STRICT_OBJC_MSGSEND = YES;
				GCC_C_LANGUAGE_STANDARD = gnu11;
				GCC_NO_COMMON_BLOCKS = YES;
				GCC_WARN_64_TO_32_BIT_CONVERSION = YES;
				GCC_WARN_ABOUT_RETURN_TYPE = YES_ERROR;
				GCC_WARN_UNDECLARED_SELECTOR = YES;
				GCC_WARN_UNINITIALIZED_AUTOS = YES_AGGRESSIVE;
				GCC_WARN_UNUSED_FUNCTION = YES;
				GCC_WARN_UNUSED_VARIABLE = YES;
				IPHONEOS_DEPLOYMENT_TARGET = 15.5;
				MTL_ENABLE_DEBUG_INFO = NO;
				MTL_FAST_MATH = YES;
				SDKROOT = iphoneos;
				SWIFT_COMPILATION_MODE = wholemodule;
				SWIFT_OPTIMIZATION_LEVEL = "-O";
				VALIDATE_PRODUCT = YES;
			};
			name = Release;
		};
		90A018882871D53E0063FB80 /* Debug */ = {
			isa = XCBuildConfiguration;
			baseConfigurationReference = ACC13041FC472D8F92C43EC2 /* Pods-APITEST.debug.xcconfig */;
			buildSettings = {
				ASSETCATALOG_COMPILER_APPICON_NAME = AppIcon;
				ASSETCATALOG_COMPILER_GLOBAL_ACCENT_COLOR_NAME = AccentColor;
				CODE_SIGN_STYLE = Automatic;
				CURRENT_PROJECT_VERSION = 1;
				GENERATE_INFOPLIST_FILE = YES;
				INFOPLIST_FILE = APITEST/Info.plist;
				INFOPLIST_KEY_UIApplicationSupportsIndirectInputEvents = YES;
				INFOPLIST_KEY_UILaunchStoryboardName = LaunchScreen;
				INFOPLIST_KEY_UIMainStoryboardFile = Main;
				INFOPLIST_KEY_UISupportedInterfaceOrientations_iPad = "UIInterfaceOrientationPortrait UIInterfaceOrientationPortraitUpsideDown UIInterfaceOrientationLandscapeLeft UIInterfaceOrientationLandscapeRight";
				INFOPLIST_KEY_UISupportedInterfaceOrientations_iPhone = "UIInterfaceOrientationPortrait UIInterfaceOrientationLandscapeLeft UIInterfaceOrientationLandscapeRight";
				LD_RUNPATH_SEARCH_PATHS = (
					"$(inherited)",
					"@executable_path/Frameworks",
				);
				MARKETING_VERSION = 1.0;
				PRODUCT_BUNDLE_IDENTIFIER = com.test.APITEST;
				PRODUCT_NAME = "$(TARGET_NAME)";
				SWIFT_EMIT_LOC_STRINGS = YES;
				SWIFT_VERSION = 5.0;
				TARGETED_DEVICE_FAMILY = "1,2";
			};
			name = Debug;
		};
		90A018892871D53E0063FB80 /* Release */ = {
			isa = XCBuildConfiguration;
			baseConfigurationReference = 5ED0D6965C179C938E4E9C40 /* Pods-APITEST.release.xcconfig */;
			buildSettings = {
				ASSETCATALOG_COMPILER_APPICON_NAME = AppIcon;
				ASSETCATALOG_COMPILER_GLOBAL_ACCENT_COLOR_NAME = AccentColor;
				CODE_SIGN_STYLE = Automatic;
				CURRENT_PROJECT_VERSION = 1;
				GENERATE_INFOPLIST_FILE = YES;
				INFOPLIST_FILE = APITEST/Info.plist;
				INFOPLIST_KEY_UIApplicationSupportsIndirectInputEvents = YES;
				INFOPLIST_KEY_UILaunchStoryboardName = LaunchScreen;
				INFOPLIST_KEY_UIMainStoryboardFile = Main;
				INFOPLIST_KEY_UISupportedInterfaceOrientations_iPad = "UIInterfaceOrientationPortrait UIInterfaceOrientationPortraitUpsideDown UIInterfaceOrientationLandscapeLeft UIInterfaceOrientationLandscapeRight";
				INFOPLIST_KEY_UISupportedInterfaceOrientations_iPhone = "UIInterfaceOrientationPortrait UIInterfaceOrientationLandscapeLeft UIInterfaceOrientationLandscapeRight";
				LD_RUNPATH_SEARCH_PATHS = (
					"$(inherited)",
					"@executable_path/Frameworks",
				);
				MARKETING_VERSION = 1.0;
				PRODUCT_BUNDLE_IDENTIFIER = com.test.APITEST;
				PRODUCT_NAME = "$(TARGET_NAME)";
				SWIFT_EMIT_LOC_STRINGS = YES;
				SWIFT_VERSION = 5.0;
				TARGETED_DEVICE_FAMILY = "1,2";
			};
			name = Release;
		};
/* End XCBuildConfiguration section */

/* Begin XCConfigurationList section */
		90A0186E2871D53D0063FB80 /* Build configuration list for PBXProject "APITEST" */ = {
			isa = XCConfigurationList;
			buildConfigurations = (
				90A018852871D53E0063FB80 /* Debug */,
				90A018862871D53E0063FB80 /* Release */,
			);
			defaultConfigurationIsVisible = 0;
			defaultConfigurationName = Release;
		};
		90A018872871D53E0063FB80 /* Build configuration list for PBXNativeTarget "APITEST" */ = {
			isa = XCConfigurationList;
			buildConfigurations = (
				90A018882871D53E0063FB80 /* Debug */,
				90A018892871D53E0063FB80 /* Release */,
			);
			defaultConfigurationIsVisible = 0;
			defaultConfigurationName = Release;
		};
/* End XCConfigurationList section */
	};
	rootObject = 90A0186B2871D53D0063FB80 /* Project object */;
}
